
Microsoft Visual Studio Solution File, Format Version 12.00
# Visual Studio 2013
VisualStudioVersion = 12.0.40629.0
MinimumVisualStudioVersion = 10.0.40219.1
Project("{159641D6-6404-4A2A-AE62-294DE0FE8301}") = "IMDB_DW_NEW", "IMDB_DW_NEW\IMDB_DW_NEW.dtproj", "{3CD6DC59-02CD-4974-938C-930F9A8ABBDC}"
EndProject
Global
	GlobalSection(SolutionConfigurationPlatforms) = preSolution
		Development|Default = Development|Default
	EndGlobalSection
	GlobalSection(ProjectConfigurationPlatforms) = postSolution
		{3CD6DC59-02CD-4974-938C-930F9A8ABBDC}.Development|Default.ActiveCfg = Development
		{3CD6DC59-02CD-4974-938C-930F9A8ABBDC}.Development|Default.Build.0 = Development
	EndGlobalSection
	GlobalSection(SolutionProperties) = preSolution
		HideSolutionNode = FALSE
	EndGlobalSection
EndGlobal
